# THIS IS AN AUTOGENERATED FILE. DO NOT EDIT THIS FILE DIRECTLY.
assets/imagezoom.css:
  development: 2017-08-25T16:08:29-07:00   62affbfa959f60b984c1d2c441fab969
assets/jquery.imagezoom.min.js:
  development: 2017-08-25T15:59:32-07:00   527052c96de149602bb3c13535b36c7c
assets/jquery.jqzoom.css:
  development: 2017-08-25T16:16:49-07:00   79dd40b7695f81ace484b801bedaf7a0
assets/plugins.js:
  development: 2017-08-25T16:16:19-07:00   3d81498cf7f330b7ad689d6934a25157
assets/shop.js.liquid:
  development: 2017-09-17T15:14:31-07:00   155004e420510db51a0bf6a67898d863
assets/style.scss.liquid:
  development: 2017-09-20T19:39:56-07:00   0917b9ef39f3ebe5a3493c274bbf7853
config/settings_schema.json:
  development: 2017-09-17T11:54:50-07:00   bdc48b76fad98f57271cf671e60151e0
layout/theme.liquid:
  development: 2017-09-20T19:20:42-07:00   4e9ad7c56b40dbfe0d1eaf2f1f024b0b
snippets/footer.liquid:
  development: 2017-09-17T15:54:29-07:00   9ba5e5421dd824e783c839c2eabd725d
snippets/main-nav.liquid:
  development: 2017-09-10T14:44:34-07:00   947685dca665b0b9a960460802f942a7
templates/blog.liquid:
  development: 2017-09-20T20:03:38-07:00   32f35c34e73ba32f693c24d8bdc8e81f
templates/cart.liquid:
  development: 2017-09-20T19:44:00-07:00   d6de878b92113976e7b031959a2a981b
templates/collection.all.liquid:
  development: 2017-09-12T19:15:30-07:00   dacf39ffbab00e3bd69e0a9085430020
templates/collection.designer.liquid:
  development: 2017-09-17T21:12:06-07:00   ad69ace886a6e78decedca56c6f78707
templates/collection.liquid:
  development: 2017-09-20T19:26:55-07:00   f2ccbe888a5cdc4775e4fb531c0df870
templates/customers/account.liquid:
  development: 2017-09-20T19:21:50-07:00   b78e3c564ec2c22fdee61c6060d4f9e5
templates/customers/addresses.liquid:
  development: 2017-09-19T22:51:26-07:00   0053b2322d3a966e14bc9483ad2fab22
templates/index.liquid:
  development: 2017-09-17T11:53:31-07:00   b550f0aec4b7b8982f585c996b20804f
templates/list-collections.liquid:
  development: 2017-09-20T19:25:50-07:00   8d22e49ad4785b2f633c380c19fbcd80
templates/page.about-us.liquid:
  development: 2017-09-20T20:01:39-07:00   60d88264718709e23f474a0e467991c2
templates/page.return-policy.liquid:
  development: 2017-09-20T19:44:48-07:00   205b8cf8d8a5fe71b19ffaeeb83951d3
templates/page.store-information.liquid:
  development: 2017-09-20T20:02:28-07:00   fd81f4994bdb7306f9a6f9bf57ecfd17
templates/product.liquid:
  development: 2017-09-20T18:36:37-07:00   170a5977dca81bdd625889be09acd30d
templates/search.liquid:
  development: 2017-09-17T15:51:19-07:00   e8d777cdab32d78d4ee05202744a5765
